
Microsoft Visual Studio Solution File, Format Version 12.00
# Visual Studio Version 16
VisualStudioVersion = 16.0.30503.244
MinimumVisualStudioVersion = 10.0.40219.1
Project("{9A19103F-16F7-4668-BE54-9A1E7A4F7556}") = "EphIt.Server", "EphIt.Server\EphIt.Server.csproj", "{20303A87-C4D7-42A6-AC3D-55F3DE9C4408}"
EndProject
Project("{9A19103F-16F7-4668-BE54-9A1E7A4F7556}") = "EphIt.Blazor", "EphIt.Blazor\EphIt.Blazor.csproj", "{04361D03-DE6C-44D5-997C-A4CE50B34B88}"
EndProject
Project("{9A19103F-16F7-4668-BE54-9A1E7A4F7556}") = "EphIt.Db", "Classlibraries\EphIt.Db\EphIt.Db.csproj", "{90E2B890-79CA-4968-81F4-83BFE250B41D}"
EndProject
Project("{9A19103F-16F7-4668-BE54-9A1E7A4F7556}") = "EphIt.Service", "EphIt.Service\EphIt.Service.csproj", "{8B125E33-97F7-4317-BF07-C827C5591AA8}"
EndProject
Project("{2150E333-8FDC-42A3-9474-1A3956D46DE8}") = "Classlibraries", "Classlibraries", "{33612611-DEB3-4683-8F22-405F063A1284}"
EndProject
Project("{9A19103F-16F7-4668-BE54-9A1E7A4F7556}") = "EphIt.Db.Models", "Classlibraries\EphIt.Db.Models\EphIt.Db.Models.csproj", "{A9557B25-29EC-43AF-9E44-59C90E339505}"
EndProject
Project("{9A19103F-16F7-4668-BE54-9A1E7A4F7556}") = "EphIt.BL", "Classlibraries\EphIt.BL\EphIt.BL.csproj", "{71497FBF-A395-4A43-853D-31BFE6F6CCFB}"
EndProject
Project("{9A19103F-16F7-4668-BE54-9A1E7A4F7556}") = "EphIt.Service.Tests", "EphIt.Service.Tests\EphIt.Service.Tests.csproj", "{BA8DDC01-588C-4934-A8EB-5FC1EC7B73D6}"
EndProject
Project("{2150E333-8FDC-42A3-9474-1A3956D46DE8}") = "PowerShell", "PowerShell", "{24974DAD-8E6F-4DFD-B1FC-E2691EB6328C}"
EndProject
Project("{9A19103F-16F7-4668-BE54-9A1E7A4F7556}") = "EnterpriseAutomation", "Automation\EnterpriseAutomation.csproj", "{C3832876-D623-4467-ABF6-DAAA21DEDA2D}"
EndProject
Global
	GlobalSection(SolutionConfigurationPlatforms) = preSolution
		Debug|Any CPU = Debug|Any CPU
		Release|Any CPU = Release|Any CPU
	EndGlobalSection
	GlobalSection(ProjectConfigurationPlatforms) = postSolution
		{20303A87-C4D7-42A6-AC3D-55F3DE9C4408}.Debug|Any CPU.ActiveCfg = Debug|Any CPU
		{20303A87-C4D7-42A6-AC3D-55F3DE9C4408}.Debug|Any CPU.Build.0 = Debug|Any CPU
		{20303A87-C4D7-42A6-AC3D-55F3DE9C4408}.Release|Any CPU.ActiveCfg = Release|Any CPU
		{20303A87-C4D7-42A6-AC3D-55F3DE9C4408}.Release|Any CPU.Build.0 = Release|Any CPU
		{04361D03-DE6C-44D5-997C-A4CE50B34B88}.Debug|Any CPU.ActiveCfg = Debug|Any CPU
		{04361D03-DE6C-44D5-997C-A4CE50B34B88}.Debug|Any CPU.Build.0 = Debug|Any CPU
		{04361D03-DE6C-44D5-997C-A4CE50B34B88}.Release|Any CPU.ActiveCfg = Release|Any CPU
		{04361D03-DE6C-44D5-997C-A4CE50B34B88}.Release|Any CPU.Build.0 = Release|Any CPU
		{90E2B890-79CA-4968-81F4-83BFE250B41D}.Debug|Any CPU.ActiveCfg = Debug|Any CPU
		{90E2B890-79CA-4968-81F4-83BFE250B41D}.Debug|Any CPU.Build.0 = Debug|Any CPU
		{90E2B890-79CA-4968-81F4-83BFE250B41D}.Release|Any CPU.ActiveCfg = Release|Any CPU
		{90E2B890-79CA-4968-81F4-83BFE250B41D}.Release|Any CPU.Build.0 = Release|Any CPU
		{8B125E33-97F7-4317-BF07-C827C5591AA8}.Debug|Any CPU.ActiveCfg = Debug|Any CPU
		{8B125E33-97F7-4317-BF07-C827C5591AA8}.Debug|Any CPU.Build.0 = Debug|Any CPU
		{8B125E33-97F7-4317-BF07-C827C5591AA8}.Release|Any CPU.ActiveCfg = Release|Any CPU
		{8B125E33-97F7-4317-BF07-C827C5591AA8}.Release|Any CPU.Build.0 = Release|Any CPU
		{A9557B25-29EC-43AF-9E44-59C90E339505}.Debug|Any CPU.ActiveCfg = Debug|Any CPU
		{A9557B25-29EC-43AF-9E44-59C90E339505}.Debug|Any CPU.Build.0 = Debug|Any CPU
		{A9557B25-29EC-43AF-9E44-59C90E339505}.Release|Any CPU.ActiveCfg = Release|Any CPU
		{A9557B25-29EC-43AF-9E44-59C90E339505}.Release|Any CPU.Build.0 = Release|Any CPU
		{71497FBF-A395-4A43-853D-31BFE6F6CCFB}.Debug|Any CPU.ActiveCfg = Debug|Any CPU
		{71497FBF-A395-4A43-853D-31BFE6F6CCFB}.Debug|Any CPU.Build.0 = Debug|Any CPU
		{71497FBF-A395-4A43-853D-31BFE6F6CCFB}.Release|Any CPU.ActiveCfg = Release|Any CPU
		{71497FBF-A395-4A43-853D-31BFE6F6CCFB}.Release|Any CPU.Build.0 = Release|Any CPU
		{BA8DDC01-588C-4934-A8EB-5FC1EC7B73D6}.Debug|Any CPU.ActiveCfg = Debug|Any CPU
		{BA8DDC01-588C-4934-A8EB-5FC1EC7B73D6}.Debug|Any CPU.Build.0 = Debug|Any CPU
		{BA8DDC01-588C-4934-A8EB-5FC1EC7B73D6}.Release|Any CPU.ActiveCfg = Release|Any CPU
		{BA8DDC01-588C-4934-A8EB-5FC1EC7B73D6}.Release|Any CPU.Build.0 = Release|Any CPU
		{C3832876-D623-4467-ABF6-DAAA21DEDA2D}.Debug|Any CPU.ActiveCfg = Debug|Any CPU
		{C3832876-D623-4467-ABF6-DAAA21DEDA2D}.Debug|Any CPU.Build.0 = Debug|Any CPU
		{C3832876-D623-4467-ABF6-DAAA21DEDA2D}.Release|Any CPU.ActiveCfg = Release|Any CPU
		{C3832876-D623-4467-ABF6-DAAA21DEDA2D}.Release|Any CPU.Build.0 = Release|Any CPU
	EndGlobalSection
	GlobalSection(SolutionProperties) = preSolution
		HideSolutionNode = FALSE
	EndGlobalSection
	GlobalSection(NestedProjects) = preSolution
		{90E2B890-79CA-4968-81F4-83BFE250B41D} = {33612611-DEB3-4683-8F22-405F063A1284}
		{A9557B25-29EC-43AF-9E44-59C90E339505} = {33612611-DEB3-4683-8F22-405F063A1284}
		{71497FBF-A395-4A43-853D-31BFE6F6CCFB} = {33612611-DEB3-4683-8F22-405F063A1284}
		{C3832876-D623-4467-ABF6-DAAA21DEDA2D} = {24974DAD-8E6F-4DFD-B1FC-E2691EB6328C}
	EndGlobalSection
	GlobalSection(ExtensibilityGlobals) = postSolution
		SolutionGuid = {0A86F4A4-A07E-4A97-BB90-2B5F7C3CDC0F}
	EndGlobalSection
EndGlobal
